
Microsoft Visual Studio Solution File, Format Version 12.00
# Visual Studio Version 17
VisualStudioVersion = 17.6.33801.468
MinimumVisualStudioVersion = 10.0.40219.1
Project("{FAE04EC0-301F-11D3-BF4B-00C04F79EFBC}") = "Navigation", "Navigation\Navigation.csproj", "{6DEC652C-7B9F-48F2-8040-A3E5FA376BF8}"
EndProject
Global
	GlobalSection(SolutionConfigurationPlatforms) = preSolution
		Debug|Any CPU = Debug|Any CPU
		Release|Any CPU = Release|Any CPU
	EndGlobalSection
	GlobalSection(ProjectConfigurationPlatforms) = postSolution
		{6DEC652C-7B9F-48F2-8040-A3E5FA376BF8}.Debug|Any CPU.ActiveCfg = Debug|Any CPU
		{6DEC652C-7B9F-48F2-8040-A3E5FA376BF8}.Debug|Any CPU.Build.0 = Debug|Any CPU
		{6DEC652C-7B9F-48F2-8040-A3E5FA376BF8}.Release|Any CPU.ActiveCfg = Release|Any CPU
		{6DEC652C-7B9F-48F2-8040-A3E5FA376BF8}.Release|Any CPU.Build.0 = Release|Any CPU
	EndGlobalSection
	GlobalSection(SolutionProperties) = preSolution
		HideSolutionNode = FALSE
	EndGlobalSection
	GlobalSection(ExtensibilityGlobals) = postSolution
		SolutionGuid = {8A30021C-5FE2-4E7E-A282-026C2EF597F4}
	EndGlobalSection
EndGlobal
