
Microsoft Visual Studio Solution File, Format Version 12.00
# Visual Studio Version 17
VisualStudioVersion = 17.6.33801.468
MinimumVisualStudioVersion = 10.0.40219.1
Project("{FAE04EC0-301F-11D3-BF4B-00C04F79EFBC}") = "TaxCalculatorStatic", "TaxCalculatorStatic\TaxCalculatorStatic.csproj", "{B421CBB1-C495-4262-AA4C-8E3A8A51BA82}"
EndProject
Global
	GlobalSection(SolutionConfigurationPlatforms) = preSolution
		Debug|Any CPU = Debug|Any CPU
		Release|Any CPU = Release|Any CPU
	EndGlobalSection
	GlobalSection(ProjectConfigurationPlatforms) = postSolution
		{B421CBB1-C495-4262-AA4C-8E3A8A51BA82}.Debug|Any CPU.ActiveCfg = Debug|Any CPU
		{B421CBB1-C495-4262-AA4C-8E3A8A51BA82}.Debug|Any CPU.Build.0 = Debug|Any CPU
		{B421CBB1-C495-4262-AA4C-8E3A8A51BA82}.Release|Any CPU.ActiveCfg = Release|Any CPU
		{B421CBB1-C495-4262-AA4C-8E3A8A51BA82}.Release|Any CPU.Build.0 = Release|Any CPU
	EndGlobalSection
	GlobalSection(SolutionProperties) = preSolution
		HideSolutionNode = FALSE
	EndGlobalSection
	GlobalSection(ExtensibilityGlobals) = postSolution
		SolutionGuid = {DB9A1C0E-2A6A-4B1E-B345-17B5F62337B5}
	EndGlobalSection
EndGlobal
