
Microsoft Visual Studio Solution File, Format Version 12.00
# Visual Studio Version 17
VisualStudioVersion = 17.6.33801.468
MinimumVisualStudioVersion = 10.0.40219.1
Project("{FAE04EC0-301F-11D3-BF4B-00C04F79EFBC}") = "Classes", "Classes\Classes.csproj", "{CA9BC358-51C5-4016-9A2E-71843386A0D0}"
EndProject
Global
	GlobalSection(SolutionConfigurationPlatforms) = preSolution
		Debug|Any CPU = Debug|Any CPU
		Release|Any CPU = Release|Any CPU
	EndGlobalSection
	GlobalSection(ProjectConfigurationPlatforms) = postSolution
		{CA9BC358-51C5-4016-9A2E-71843386A0D0}.Debug|Any CPU.ActiveCfg = Debug|Any CPU
		{CA9BC358-51C5-4016-9A2E-71843386A0D0}.Debug|Any CPU.Build.0 = Debug|Any CPU
		{CA9BC358-51C5-4016-9A2E-71843386A0D0}.Release|Any CPU.ActiveCfg = Release|Any CPU
		{CA9BC358-51C5-4016-9A2E-71843386A0D0}.Release|Any CPU.Build.0 = Release|Any CPU
	EndGlobalSection
	GlobalSection(SolutionProperties) = preSolution
		HideSolutionNode = FALSE
	EndGlobalSection
	GlobalSection(ExtensibilityGlobals) = postSolution
		SolutionGuid = {69BC2D0F-5158-4E27-9ECB-457BA8C3046C}
	EndGlobalSection
EndGlobal
