
Microsoft Visual Studio Solution File, Format Version 12.00
# Visual Studio Version 17
VisualStudioVersion = 17.6.33801.468
MinimumVisualStudioVersion = 10.0.40219.1
Project("{FAE04EC0-301F-11D3-BF4B-00C04F79EFBC}") = "Loops", "Loops\Loops.csproj", "{DE0E56FC-1B1E-46F1-BD50-F4DB350E9D42}"
EndProject
Global
	GlobalSection(SolutionConfigurationPlatforms) = preSolution
		Debug|Any CPU = Debug|Any CPU
		Release|Any CPU = Release|Any CPU
	EndGlobalSection
	GlobalSection(ProjectConfigurationPlatforms) = postSolution
		{DE0E56FC-1B1E-46F1-BD50-F4DB350E9D42}.Debug|Any CPU.ActiveCfg = Debug|Any CPU
		{DE0E56FC-1B1E-46F1-BD50-F4DB350E9D42}.Debug|Any CPU.Build.0 = Debug|Any CPU
		{DE0E56FC-1B1E-46F1-BD50-F4DB350E9D42}.Release|Any CPU.ActiveCfg = Release|Any CPU
		{DE0E56FC-1B1E-46F1-BD50-F4DB350E9D42}.Release|Any CPU.Build.0 = Release|Any CPU
	EndGlobalSection
	GlobalSection(SolutionProperties) = preSolution
		HideSolutionNode = FALSE
	EndGlobalSection
	GlobalSection(ExtensibilityGlobals) = postSolution
		SolutionGuid = {DDDE67D3-722A-4636-9666-48AE2DE9BBB5}
	EndGlobalSection
EndGlobal
