
Microsoft Visual Studio Solution File, Format Version 12.00
# Visual Studio Version 17
VisualStudioVersion = 17.6.33801.468
MinimumVisualStudioVersion = 10.0.40219.1
Project("{FAE04EC0-301F-11D3-BF4B-00C04F79EFBC}") = "SeleniumProject", "SeleniumProject\SeleniumProject.csproj", "{FD02173B-C2B6-472F-B86E-6ED00CF0C3C8}"
EndProject
Global
	GlobalSection(SolutionConfigurationPlatforms) = preSolution
		Debug|Any CPU = Debug|Any CPU
		Release|Any CPU = Release|Any CPU
	EndGlobalSection
	GlobalSection(ProjectConfigurationPlatforms) = postSolution
		{FD02173B-C2B6-472F-B86E-6ED00CF0C3C8}.Debug|Any CPU.ActiveCfg = Debug|Any CPU
		{FD02173B-C2B6-472F-B86E-6ED00CF0C3C8}.Debug|Any CPU.Build.0 = Debug|Any CPU
		{FD02173B-C2B6-472F-B86E-6ED00CF0C3C8}.Release|Any CPU.ActiveCfg = Release|Any CPU
		{FD02173B-C2B6-472F-B86E-6ED00CF0C3C8}.Release|Any CPU.Build.0 = Release|Any CPU
	EndGlobalSection
	GlobalSection(SolutionProperties) = preSolution
		HideSolutionNode = FALSE
	EndGlobalSection
	GlobalSection(ExtensibilityGlobals) = postSolution
		SolutionGuid = {80CF691B-7827-47B8-84CD-E0A75BCF5463}
	EndGlobalSection
EndGlobal
